[root]
name = "rdm"
version = "0.0.1"
dependencies = [
 "dbus 0.3.4 (registry+https://github.com/rust-lang/crates.io-index)",
 "env_logger 0.3.5 (registry+https://github.com/rust-lang/crates.io-index)",
 "gdk 0.5.1 (registry+https://github.com/rust-lang/crates.io-index)",
 "gdk-pixbuf 0.1.1 (registry+https://github.com/rust-lang/crates.io-index)",
 "gtk 0.1.1 (registry+https://github.com/rust-lang/crates.io-index)",
 "libc 0.2.20 (registry+https://github.com/rust-lang/crates.io-index)",
 "log 0.3.6 (registry+https://github.com/rust-lang/crates.io-index)",
 "pam-auth 0.4.1",
 "rand 0.3.15 (registry+https://github.com/rust-lang/crates.io-index)",
 "users 0.5.2 (registry+https://github.com/rust-lang/crates.io-index)",
 "uuid 0.2.3 (registry+https://github.com/rust-lang/crates.io-index)",
]

[[package]]
name = "aho-corasick"
version = "0.5.3"
source = "registry+https://github.com/rust-lang/crates.io-index"
dependencies = [
 "memchr 0.1.11 (registry+https://github.com/rust-lang/crates.io-index)",
]

[[package]]
name = "atk-sys"
version = "0.3.2"
source = "registry+https://github.com/rust-lang/crates.io-index"
dependencies = [
 "bitflags 0.4.0 (registry+https://github.com/rust-lang/crates.io-index)",
 "glib-sys 0.3.2 (registry+https://github.com/rust-lang/crates.io-index)",
 "gobject-sys 0.3.2 (registry+https://github.com/rust-lang/crates.io-index)",
 "libc 0.2.20 (registry+https://github.com/rust-lang/crates.io-index)",
 "pkg-config 0.3.9 (registry+https://github.com/rust-lang/crates.io-index)",
]

[[package]]
name = "bitflags"
version = "0.4.0"
source = "registry+https://github.com/rust-lang/crates.io-index"

[[package]]
name = "bitflags"
version = "0.5.0"
source = "registry+https://github.com/rust-lang/crates.io-index"

[[package]]
name = "c_vec"
version = "1.0.12"
source = "registry+https://github.com/rust-lang/crates.io-index"

[[package]]
name = "cairo-rs"
version = "0.1.1"
source = "registry+https://github.com/rust-lang/crates.io-index"
dependencies = [
 "c_vec 1.0.12 (registry+https://github.com/rust-lang/crates.io-index)",
 "cairo-sys-rs 0.3.2 (registry+https://github.com/rust-lang/crates.io-index)",
 "glib 0.1.1 (registry+https://github.com/rust-lang/crates.io-index)",
 "libc 0.2.20 (registry+https://github.com/rust-lang/crates.io-index)",
]

[[package]]
name = "cairo-sys-rs"
version = "0.3.2"
source = "registry+https://github.com/rust-lang/crates.io-index"
dependencies = [
 "libc 0.2.20 (registry+https://github.com/rust-lang/crates.io-index)",
 "pkg-config 0.3.9 (registry+https://github.com/rust-lang/crates.io-index)",
]

[[package]]
name = "dbus"
version = "0.3.4"
source = "registry+https://github.com/rust-lang/crates.io-index"
dependencies = [
 "libc 0.2.20 (registry+https://github.com/rust-lang/crates.io-index)",
 "pkg-config 0.3.9 (registry+https://github.com/rust-lang/crates.io-index)",
]

[[package]]
name = "env_logger"
version = "0.3.5"
source = "registry+https://github.com/rust-lang/crates.io-index"
dependencies = [
 "log 0.3.6 (registry+https://github.com/rust-lang/crates.io-index)",
 "regex 0.1.80 (registry+https://github.com/rust-lang/crates.io-index)",
]

[[package]]
name = "gdk"
version = "0.5.1"
source = "registry+https://github.com/rust-lang/crates.io-index"
dependencies = [
 "bitflags 0.5.0 (registry+https://github.com/rust-lang/crates.io-index)",
 "cairo-rs 0.1.1 (registry+https://github.com/rust-lang/crates.io-index)",
 "gdk-pixbuf 0.1.1 (registry+https://github.com/rust-lang/crates.io-index)",
 "gdk-sys 0.3.2 (registry+https://github.com/rust-lang/crates.io-index)",
 "gio 0.1.1 (registry+https://github.com/rust-lang/crates.io-index)",
 "glib 0.1.1 (registry+https://github.com/rust-lang/crates.io-index)",
 "glib-sys 0.3.2 (registry+https://github.com/rust-lang/crates.io-index)",
 "libc 0.2.20 (registry+https://github.com/rust-lang/crates.io-index)",
 "pango 0.1.1 (registry+https://github.com/rust-lang/crates.io-index)",
]

[[package]]
name = "gdk-pixbuf"
version = "0.1.1"
source = "registry+https://github.com/rust-lang/crates.io-index"
dependencies = [
 "gdk-pixbuf-sys 0.3.2 (registry+https://github.com/rust-lang/crates.io-index)",
 "glib 0.1.1 (registry+https://github.com/rust-lang/crates.io-index)",
 "libc 0.2.20 (registry+https://github.com/rust-lang/crates.io-index)",
]

[[package]]
name = "gdk-pixbuf-sys"
version = "0.3.2"
source = "registry+https://github.com/rust-lang/crates.io-index"
dependencies = [
 "bitflags 0.4.0 (registry+https://github.com/rust-lang/crates.io-index)",
 "gio-sys 0.3.2 (registry+https://github.com/rust-lang/crates.io-index)",
 "glib-sys 0.3.2 (registry+https://github.com/rust-lang/crates.io-index)",
 "gobject-sys 0.3.2 (registry+https://github.com/rust-lang/crates.io-index)",
 "libc 0.2.20 (registry+https://github.com/rust-lang/crates.io-index)",
 "pkg-config 0.3.9 (registry+https://github.com/rust-lang/crates.io-index)",
]

[[package]]
name = "gdk-sys"
version = "0.3.2"
source = "registry+https://github.com/rust-lang/crates.io-index"
dependencies = [
 "bitflags 0.4.0 (registry+https://github.com/rust-lang/crates.io-index)",
 "cairo-sys-rs 0.3.2 (registry+https://github.com/rust-lang/crates.io-index)",
 "gdk-pixbuf-sys 0.3.2 (registry+https://github.com/rust-lang/crates.io-index)",
 "gio-sys 0.3.2 (registry+https://github.com/rust-lang/crates.io-index)",
 "glib-sys 0.3.2 (registry+https://github.com/rust-lang/crates.io-index)",
 "gobject-sys 0.3.2 (registry+https://github.com/rust-lang/crates.io-index)",
 "libc 0.2.20 (registry+https://github.com/rust-lang/crates.io-index)",
 "pango-sys 0.3.2 (registry+https://github.com/rust-lang/crates.io-index)",
 "pkg-config 0.3.9 (registry+https://github.com/rust-lang/crates.io-index)",
]

[[package]]
name = "gio"
version = "0.1.1"
source = "registry+https://github.com/rust-lang/crates.io-index"
dependencies = [
 "bitflags 0.5.0 (registry+https://github.com/rust-lang/crates.io-index)",
 "gio-sys 0.3.2 (registry+https://github.com/rust-lang/crates.io-index)",
 "glib 0.1.1 (registry+https://github.com/rust-lang/crates.io-index)",
 "glib-sys 0.3.2 (registry+https://github.com/rust-lang/crates.io-index)",
 "gobject-sys 0.3.2 (registry+https://github.com/rust-lang/crates.io-index)",
 "libc 0.2.20 (registry+https://github.com/rust-lang/crates.io-index)",
]

[[package]]
name = "gio-sys"
version = "0.3.2"
source = "registry+https://github.com/rust-lang/crates.io-index"
dependencies = [
 "bitflags 0.4.0 (registry+https://github.com/rust-lang/crates.io-index)",
 "glib-sys 0.3.2 (registry+https://github.com/rust-lang/crates.io-index)",
 "gobject-sys 0.3.2 (registry+https://github.com/rust-lang/crates.io-index)",
 "libc 0.2.20 (registry+https://github.com/rust-lang/crates.io-index)",
 "pkg-config 0.3.9 (registry+https://github.com/rust-lang/crates.io-index)",
]

[[package]]
name = "glib"
version = "0.1.1"
source = "registry+https://github.com/rust-lang/crates.io-index"
dependencies = [
 "bitflags 0.5.0 (registry+https://github.com/rust-lang/crates.io-index)",
 "glib-sys 0.3.2 (registry+https://github.com/rust-lang/crates.io-index)",
 "gobject-sys 0.3.2 (registry+https://github.com/rust-lang/crates.io-index)",
 "libc 0.2.20 (registry+https://github.com/rust-lang/crates.io-index)",
]

[[package]]
name = "glib-sys"
version = "0.3.2"
source = "registry+https://github.com/rust-lang/crates.io-index"
dependencies = [
 "bitflags 0.4.0 (registry+https://github.com/rust-lang/crates.io-index)",
 "libc 0.2.20 (registry+https://github.com/rust-lang/crates.io-index)",
 "pkg-config 0.3.9 (registry+https://github.com/rust-lang/crates.io-index)",
]

[[package]]
name = "gobject-sys"
version = "0.3.2"
source = "registry+https://github.com/rust-lang/crates.io-index"
dependencies = [
 "bitflags 0.4.0 (registry+https://github.com/rust-lang/crates.io-index)",
 "glib-sys 0.3.2 (registry+https://github.com/rust-lang/crates.io-index)",
 "libc 0.2.20 (registry+https://github.com/rust-lang/crates.io-index)",
 "pkg-config 0.3.9 (registry+https://github.com/rust-lang/crates.io-index)",
]

[[package]]
name = "gtk"
version = "0.1.1"
source = "registry+https://github.com/rust-lang/crates.io-index"
dependencies = [
 "bitflags 0.5.0 (registry+https://github.com/rust-lang/crates.io-index)",
 "cairo-rs 0.1.1 (registry+https://github.com/rust-lang/crates.io-index)",
 "cairo-sys-rs 0.3.2 (registry+https://github.com/rust-lang/crates.io-index)",
 "gdk 0.5.1 (registry+https://github.com/rust-lang/crates.io-index)",
 "gdk-pixbuf 0.1.1 (registry+https://github.com/rust-lang/crates.io-index)",
 "gdk-pixbuf-sys 0.3.2 (registry+https://github.com/rust-lang/crates.io-index)",
 "gdk-sys 0.3.2 (registry+https://github.com/rust-lang/crates.io-index)",
 "gio 0.1.1 (registry+https://github.com/rust-lang/crates.io-index)",
 "gio-sys 0.3.2 (registry+https://github.com/rust-lang/crates.io-index)",
 "glib 0.1.1 (registry+https://github.com/rust-lang/crates.io-index)",
 "glib-sys 0.3.2 (registry+https://github.com/rust-lang/crates.io-index)",
 "gobject-sys 0.3.2 (registry+https://github.com/rust-lang/crates.io-index)",
 "gtk-sys 0.3.2 (registry+https://github.com/rust-lang/crates.io-index)",
 "libc 0.2.20 (registry+https://github.com/rust-lang/crates.io-index)",
 "pango 0.1.1 (registry+https://github.com/rust-lang/crates.io-index)",
]

[[package]]
name = "gtk-sys"
version = "0.3.2"
source = "registry+https://github.com/rust-lang/crates.io-index"
dependencies = [
 "atk-sys 0.3.2 (registry+https://github.com/rust-lang/crates.io-index)",
 "bitflags 0.4.0 (registry+https://github.com/rust-lang/crates.io-index)",
 "cairo-sys-rs 0.3.2 (registry+https://github.com/rust-lang/crates.io-index)",
 "gdk-pixbuf-sys 0.3.2 (registry+https://github.com/rust-lang/crates.io-index)",
 "gdk-sys 0.3.2 (registry+https://github.com/rust-lang/crates.io-index)",
 "gio-sys 0.3.2 (registry+https://github.com/rust-lang/crates.io-index)",
 "glib-sys 0.3.2 (registry+https://github.com/rust-lang/crates.io-index)",
 "gobject-sys 0.3.2 (registry+https://github.com/rust-lang/crates.io-index)",
 "libc 0.2.20 (registry+https://github.com/rust-lang/crates.io-index)",
 "pango-sys 0.3.2 (registry+https://github.com/rust-lang/crates.io-index)",
 "pkg-config 0.3.9 (registry+https://github.com/rust-lang/crates.io-index)",
]

[[package]]
name = "kernel32-sys"
version = "0.2.2"
source = "registry+https://github.com/rust-lang/crates.io-index"
dependencies = [
 "winapi 0.2.8 (registry+https://github.com/rust-lang/crates.io-index)",
 "winapi-build 0.1.1 (registry+https://github.com/rust-lang/crates.io-index)",
]

[[package]]
name = "libc"
version = "0.2.20"
source = "registry+https://github.com/rust-lang/crates.io-index"

[[package]]
name = "log"
version = "0.3.6"
source = "registry+https://github.com/rust-lang/crates.io-index"

[[package]]
name = "memchr"
version = "0.1.11"
source = "registry+https://github.com/rust-lang/crates.io-index"
dependencies = [
 "libc 0.2.20 (registry+https://github.com/rust-lang/crates.io-index)",
]

[[package]]
name = "pam-auth"
version = "0.4.1"
dependencies = [
 "libc 0.2.20 (registry+https://github.com/rust-lang/crates.io-index)",
 "pam-sys 0.5.3 (registry+https://github.com/rust-lang/crates.io-index)",
 "users 0.5.2 (registry+https://github.com/rust-lang/crates.io-index)",
]

[[package]]
name = "pam-sys"
version = "0.5.3"
source = "registry+https://github.com/rust-lang/crates.io-index"
dependencies = [
 "libc 0.2.20 (registry+https://github.com/rust-lang/crates.io-index)",
]

[[package]]
name = "pango"
version = "0.1.1"
source = "registry+https://github.com/rust-lang/crates.io-index"
dependencies = [
 "glib 0.1.1 (registry+https://github.com/rust-lang/crates.io-index)",
 "libc 0.2.20 (registry+https://github.com/rust-lang/crates.io-index)",
 "pango-sys 0.3.2 (registry+https://github.com/rust-lang/crates.io-index)",
]

[[package]]
name = "pango-sys"
version = "0.3.2"
source = "registry+https://github.com/rust-lang/crates.io-index"
dependencies = [
 "bitflags 0.4.0 (registry+https://github.com/rust-lang/crates.io-index)",
 "glib-sys 0.3.2 (registry+https://github.com/rust-lang/crates.io-index)",
 "gobject-sys 0.3.2 (registry+https://github.com/rust-lang/crates.io-index)",
 "libc 0.2.20 (registry+https://github.com/rust-lang/crates.io-index)",
 "pkg-config 0.3.9 (registry+https://github.com/rust-lang/crates.io-index)",
]

[[package]]
name = "pkg-config"
version = "0.3.9"
source = "registry+https://github.com/rust-lang/crates.io-index"

[[package]]
name = "rand"
version = "0.3.15"
source = "registry+https://github.com/rust-lang/crates.io-index"
dependencies = [
 "libc 0.2.20 (registry+https://github.com/rust-lang/crates.io-index)",
]

[[package]]
name = "regex"
version = "0.1.80"
source = "registry+https://github.com/rust-lang/crates.io-index"
dependencies = [
 "aho-corasick 0.5.3 (registry+https://github.com/rust-lang/crates.io-index)",
 "memchr 0.1.11 (registry+https://github.com/rust-lang/crates.io-index)",
 "regex-syntax 0.3.9 (registry+https://github.com/rust-lang/crates.io-index)",
 "thread_local 0.2.7 (registry+https://github.com/rust-lang/crates.io-index)",
 "utf8-ranges 0.1.3 (registry+https://github.com/rust-lang/crates.io-index)",
]

[[package]]
name = "regex-syntax"
version = "0.3.9"
source = "registry+https://github.com/rust-lang/crates.io-index"

[[package]]
name = "thread-id"
version = "2.0.0"
source = "registry+https://github.com/rust-lang/crates.io-index"
dependencies = [
 "kernel32-sys 0.2.2 (registry+https://github.com/rust-lang/crates.io-index)",
 "libc 0.2.20 (registry+https://github.com/rust-lang/crates.io-index)",
]

[[package]]
name = "thread_local"
version = "0.2.7"
source = "registry+https://github.com/rust-lang/crates.io-index"
dependencies = [
 "thread-id 2.0.0 (registry+https://github.com/rust-lang/crates.io-index)",
]

[[package]]
name = "users"
version = "0.5.2"
source = "registry+https://github.com/rust-lang/crates.io-index"
dependencies = [
 "libc 0.2.20 (registry+https://github.com/rust-lang/crates.io-index)",
]

[[package]]
name = "utf8-ranges"
version = "0.1.3"
source = "registry+https://github.com/rust-lang/crates.io-index"

[[package]]
name = "uuid"
version = "0.2.3"
source = "registry+https://github.com/rust-lang/crates.io-index"
dependencies = [
 "rand 0.3.15 (registry+https://github.com/rust-lang/crates.io-index)",
]

[[package]]
name = "winapi"
version = "0.2.8"
source = "registry+https://github.com/rust-lang/crates.io-index"

[[package]]
name = "winapi-build"
version = "0.1.1"
source = "registry+https://github.com/rust-lang/crates.io-index"

[metadata]
"checksum aho-corasick 0.5.3 (registry+https://github.com/rust-lang/crates.io-index)" = "ca972c2ea5f742bfce5687b9aef75506a764f61d37f8f649047846a9686ddb66"
"checksum atk-sys 0.3.2 (registry+https://github.com/rust-lang/crates.io-index)" = "9d3dd4937c8c40a0b5184d7810772d44cd3d4afdca711b8878c7f14b3f8ef80f"
"checksum bitflags 0.4.0 (registry+https://github.com/rust-lang/crates.io-index)" = "8dead7461c1127cf637931a1e50934eb6eee8bff2f74433ac7909e9afcee04a3"
"checksum bitflags 0.5.0 (registry+https://github.com/rust-lang/crates.io-index)" = "4f67931368edf3a9a51d29886d245f1c3db2f1ef0dcc9e35ff70341b78c10d23"
"checksum c_vec 1.0.12 (registry+https://github.com/rust-lang/crates.io-index)" = "aa9e1d9f7d49e289f36f19effbf3d5a5e30163ecf9c7a3c9be94d5374dec5b9a"
"checksum cairo-rs 0.1.1 (registry+https://github.com/rust-lang/crates.io-index)" = "5b3e2dae876fba33394353e985bff24e011a18250cf0021d07b86900b77388b0"
"checksum cairo-sys-rs 0.3.2 (registry+https://github.com/rust-lang/crates.io-index)" = "e377d5ccba12485dbdd1d459d711b948bbbed867f5808b25e0e2f6c8a45935f6"
"checksum dbus 0.3.4 (registry+https://github.com/rust-lang/crates.io-index)" = "94d266a872aaf68b50d02083c429a3686935ab6ab54824290509cdc422673eaf"
"checksum env_logger 0.3.5 (registry+https://github.com/rust-lang/crates.io-index)" = "15abd780e45b3ea4f76b4e9a26ff4843258dd8a3eed2775a0e7368c2e7936c2f"
"checksum gdk 0.5.1 (registry+https://github.com/rust-lang/crates.io-index)" = "151196bd3a35bc157b7dca6ee98bb701dca59439dedd19d8a85b2d8759e0afaf"
"checksum gdk-pixbuf 0.1.1 (registry+https://github.com/rust-lang/crates.io-index)" = "f893bde751ef13bae431c5643021d0b9365b5455ab6b2febbc492bbe431d573b"
"checksum gdk-pixbuf-sys 0.3.2 (registry+https://github.com/rust-lang/crates.io-index)" = "f04793815a1e18b12de3b5bf41820c64ff84323510ecf3261a7f329eccd59500"
"checksum gdk-sys 0.3.2 (registry+https://github.com/rust-lang/crates.io-index)" = "0f372ea49640676521a6591a6d49987f442095a862799429fc129b1fdcf91716"
"checksum gio 0.1.1 (registry+https://github.com/rust-lang/crates.io-index)" = "734791445c09c47176d456457da457703e5297ce93ae088924fed7cb98b49663"
"checksum gio-sys 0.3.2 (registry+https://github.com/rust-lang/crates.io-index)" = "0a0b0e02a42941ed54bf56ac179693469a37abe118d9ce710669d8c1b6391c79"
"checksum glib 0.1.1 (registry+https://github.com/rust-lang/crates.io-index)" = "a4beb06ab666c546a921d93e6550e5ceb3fa7a8f9450920792144543489c1bb1"
"checksum glib-sys 0.3.2 (registry+https://github.com/rust-lang/crates.io-index)" = "a315f2df997f0ca1e3ebf1a78b5c6e455a7d75b8da8891ddf77068bf3d7492b3"
"checksum gobject-sys 0.3.2 (registry+https://github.com/rust-lang/crates.io-index)" = "88376c229e515b770f6ae56c5460a52cbc24ba4e81fd9a4c0a65900335241e8f"
"checksum gtk 0.1.1 (registry+https://github.com/rust-lang/crates.io-index)" = "50c5d2d3330a4d92348bbe5e2346fbeb31384af1d547c0ad7c120639d8c19718"
"checksum gtk-sys 0.3.2 (registry+https://github.com/rust-lang/crates.io-index)" = "ecdca043a321a1c19a16ae0efb9fcab6922051711fe238413b80f301e9caf17d"
"checksum kernel32-sys 0.2.2 (registry+https://github.com/rust-lang/crates.io-index)" = "7507624b29483431c0ba2d82aece8ca6cdba9382bff4ddd0f7490560c056098d"
"checksum libc 0.2.20 (registry+https://github.com/rust-lang/crates.io-index)" = "684f330624d8c3784fb9558ca46c4ce488073a8d22450415c5eb4f4cfb0d11b5"
"checksum log 0.3.6 (registry+https://github.com/rust-lang/crates.io-index)" = "ab83497bf8bf4ed2a74259c1c802351fcd67a65baa86394b6ba73c36f4838054"
"checksum memchr 0.1.11 (registry+https://github.com/rust-lang/crates.io-index)" = "d8b629fb514376c675b98c1421e80b151d3817ac42d7c667717d282761418d20"
"checksum pam-sys 0.5.3 (registry+https://github.com/rust-lang/crates.io-index)" = "17d52c4c46aa1aa2d8cc76edde08b519eb7c1cb06a35aa04c1741633a2130156"
"checksum pango 0.1.1 (registry+https://github.com/rust-lang/crates.io-index)" = "2d25afdf2915e8afee5d0c2fccd8426b7c32e3a58aaf7ed2b41a4609c64617de"
"checksum pango-sys 0.3.2 (registry+https://github.com/rust-lang/crates.io-index)" = "a894abf6d9c35d205137cecc9e06e500b145f8381a4a700b2036aaa4fe8b6874"
"checksum pkg-config 0.3.9 (registry+https://github.com/rust-lang/crates.io-index)" = "3a8b4c6b8165cd1a1cd4b9b120978131389f64bdaf456435caa41e630edba903"
"checksum rand 0.3.15 (registry+https://github.com/rust-lang/crates.io-index)" = "022e0636ec2519ddae48154b028864bdce4eaf7d35226ab8e65c611be97b189d"
"checksum regex 0.1.80 (registry+https://github.com/rust-lang/crates.io-index)" = "4fd4ace6a8cf7860714a2c2280d6c1f7e6a413486c13298bbc86fd3da019402f"
"checksum regex-syntax 0.3.9 (registry+https://github.com/rust-lang/crates.io-index)" = "f9ec002c35e86791825ed294b50008eea9ddfc8def4420124fbc6b08db834957"
"checksum thread-id 2.0.0 (registry+https://github.com/rust-lang/crates.io-index)" = "a9539db560102d1cef46b8b78ce737ff0bb64e7e18d35b2a5688f7d097d0ff03"
"checksum thread_local 0.2.7 (registry+https://github.com/rust-lang/crates.io-index)" = "8576dbbfcaef9641452d5cf0df9b0e7eeab7694956dd33bb61515fb8f18cfdd5"
"checksum users 0.5.2 (registry+https://github.com/rust-lang/crates.io-index)" = "a7ae8fdf783cb9652109c99886459648feb92ecc749e6b8e7930f6decba74c7c"
"checksum utf8-ranges 0.1.3 (registry+https://github.com/rust-lang/crates.io-index)" = "a1ca13c08c41c9c3e04224ed9ff80461d97e121589ff27c753a16cb10830ae0f"
"checksum uuid 0.2.3 (registry+https://github.com/rust-lang/crates.io-index)" = "885acc3b17fdef6230d1f7765dff1106dfd5e75a93c2f26459fbf600ed6dcc14"
"checksum winapi 0.2.8 (registry+https://github.com/rust-lang/crates.io-index)" = "167dc9d6949a9b857f3451275e911c3f44255842c1f7a76f33c55103a909087a"
"checksum winapi-build 0.1.1 (registry+https://github.com/rust-lang/crates.io-index)" = "2d315eee3b34aca4797b2da6b13ed88266e6d612562a0c46390af8299fc699bc"
