[root]
name = "rdm"
version = "0.0.1"
dependencies = [
 "gdk 0.0.1 (git+https://github.com/rust-gnome/gdk.git)",
 "gtk 0.0.1 (git+https://github.com/rust-gnome/gtk.git)",
 "pam-auth 0.1.0 (registry+https://github.com/rust-lang/crates.io-index)",
 "users 0.3.2 (registry+https://github.com/rust-lang/crates.io-index)",
]

[[package]]
name = "bitflags"
version = "0.1.1"
source = "registry+https://github.com/rust-lang/crates.io-index"

[[package]]
name = "c_vec"
version = "1.0.11"
source = "registry+https://github.com/rust-lang/crates.io-index"

[[package]]
name = "cairo"
version = "0.0.1"
source = "git+https://github.com/rust-gnome/cairo#f4cb0e2de63dc33b2266a1b994eb2497e6e465f1"
dependencies = [
 "c_vec 1.0.11 (registry+https://github.com/rust-lang/crates.io-index)",
 "cairo-sys 0.1.0 (git+https://github.com/rust-gnome/cairo)",
 "glib 0.0.1 (git+https://github.com/rust-gnome/glib)",
 "libc 0.1.6 (registry+https://github.com/rust-lang/crates.io-index)",
]

[[package]]
name = "cairo-sys"
version = "0.1.0"
source = "git+https://github.com/rust-gnome/cairo#f4cb0e2de63dc33b2266a1b994eb2497e6e465f1"
dependencies = [
 "libc 0.1.6 (registry+https://github.com/rust-lang/crates.io-index)",
 "pkg-config 0.3.3 (registry+https://github.com/rust-lang/crates.io-index)",
]

[[package]]
name = "gcc"
version = "0.3.4"
source = "registry+https://github.com/rust-lang/crates.io-index"

[[package]]
name = "gdk"
version = "0.0.1"
source = "git+https://github.com/rust-gnome/gdk.git#fe635c91af64c336c9b35da6750566281c9de388"
dependencies = [
 "c_vec 1.0.11 (registry+https://github.com/rust-lang/crates.io-index)",
 "gdk-sys 0.1.0 (git+https://github.com/rust-gnome/gdk.git)",
 "glib 0.0.1 (git+https://github.com/rust-gnome/glib)",
 "glib-sys 0.1.0 (git+https://github.com/rust-gnome/glib)",
 "libc 0.1.6 (registry+https://github.com/rust-lang/crates.io-index)",
]

[[package]]
name = "gdk-sys"
version = "0.1.0"
source = "git+https://github.com/rust-gnome/gdk.git#fe635c91af64c336c9b35da6750566281c9de388"
dependencies = [
 "bitflags 0.1.1 (registry+https://github.com/rust-lang/crates.io-index)",
 "glib-sys 0.1.0 (git+https://github.com/rust-gnome/glib)",
 "libc 0.1.6 (registry+https://github.com/rust-lang/crates.io-index)",
 "pkg-config 0.3.3 (registry+https://github.com/rust-lang/crates.io-index)",
]

[[package]]
name = "glib"
version = "0.0.1"
source = "git+https://github.com/rust-gnome/glib#cce2a76eda9764fb25dd125b31f893fdfec5b8d8"
dependencies = [
 "c_vec 1.0.11 (registry+https://github.com/rust-lang/crates.io-index)",
 "glib-sys 0.1.0 (git+https://github.com/rust-gnome/glib)",
 "libc 0.1.6 (registry+https://github.com/rust-lang/crates.io-index)",
]

[[package]]
name = "glib-sys"
version = "0.1.0"
source = "git+https://github.com/rust-gnome/glib#cce2a76eda9764fb25dd125b31f893fdfec5b8d8"
dependencies = [
 "libc 0.1.6 (registry+https://github.com/rust-lang/crates.io-index)",
 "pkg-config 0.3.3 (registry+https://github.com/rust-lang/crates.io-index)",
]

[[package]]
name = "gtk"
version = "0.0.1"
source = "git+https://github.com/rust-gnome/gtk.git#af584d23ca6f96e7945b60c352519e5da87b08eb"
dependencies = [
 "c_vec 1.0.11 (registry+https://github.com/rust-lang/crates.io-index)",
 "cairo 0.0.1 (git+https://github.com/rust-gnome/cairo)",
 "cairo-sys 0.1.0 (git+https://github.com/rust-gnome/cairo)",
 "gdk 0.0.1 (git+https://github.com/rust-gnome/gdk.git)",
 "gdk-sys 0.1.0 (git+https://github.com/rust-gnome/gdk.git)",
 "glib 0.0.1 (git+https://github.com/rust-gnome/glib)",
 "glib-sys 0.1.0 (git+https://github.com/rust-gnome/glib)",
 "gtk-sys 0.1.0 (git+https://github.com/rust-gnome/gtk.git)",
 "libc 0.1.6 (registry+https://github.com/rust-lang/crates.io-index)",
 "pango 0.0.1 (git+https://github.com/rust-gnome/pango)",
 "pango-sys 0.1.0 (git+https://github.com/rust-gnome/pango)",
]

[[package]]
name = "gtk-sys"
version = "0.1.0"
source = "git+https://github.com/rust-gnome/gtk.git#af584d23ca6f96e7945b60c352519e5da87b08eb"
dependencies = [
 "gcc 0.3.4 (registry+https://github.com/rust-lang/crates.io-index)",
 "gdk-sys 0.1.0 (git+https://github.com/rust-gnome/gdk.git)",
 "glib-sys 0.1.0 (git+https://github.com/rust-gnome/glib)",
 "libc 0.1.6 (registry+https://github.com/rust-lang/crates.io-index)",
 "pkg-config 0.3.3 (registry+https://github.com/rust-lang/crates.io-index)",
]

[[package]]
name = "libc"
version = "0.1.6"
source = "registry+https://github.com/rust-lang/crates.io-index"

[[package]]
name = "pam-auth"
version = "0.1.0"
source = "registry+https://github.com/rust-lang/crates.io-index"
dependencies = [
 "libc 0.1.6 (registry+https://github.com/rust-lang/crates.io-index)",
 "pam-sys 0.1.2 (registry+https://github.com/rust-lang/crates.io-index)",
]

[[package]]
name = "pam-sys"
version = "0.1.2"
source = "registry+https://github.com/rust-lang/crates.io-index"
dependencies = [
 "gcc 0.3.4 (registry+https://github.com/rust-lang/crates.io-index)",
 "libc 0.1.6 (registry+https://github.com/rust-lang/crates.io-index)",
 "pkg-config 0.3.3 (registry+https://github.com/rust-lang/crates.io-index)",
]

[[package]]
name = "pango"
version = "0.0.1"
source = "git+https://github.com/rust-gnome/pango#1bea8713ade75368310298c26a25eff16ff7617a"
dependencies = [
 "c_vec 1.0.11 (registry+https://github.com/rust-lang/crates.io-index)",
 "libc 0.1.6 (registry+https://github.com/rust-lang/crates.io-index)",
 "pango-sys 0.1.0 (git+https://github.com/rust-gnome/pango)",
]

[[package]]
name = "pango-sys"
version = "0.1.0"
source = "git+https://github.com/rust-gnome/pango#1bea8713ade75368310298c26a25eff16ff7617a"
dependencies = [
 "glib-sys 0.1.0 (git+https://github.com/rust-gnome/glib)",
 "libc 0.1.6 (registry+https://github.com/rust-lang/crates.io-index)",
 "pkg-config 0.3.3 (registry+https://github.com/rust-lang/crates.io-index)",
]

[[package]]
name = "pkg-config"
version = "0.3.3"
source = "registry+https://github.com/rust-lang/crates.io-index"

[[package]]
name = "users"
version = "0.3.2"
source = "registry+https://github.com/rust-lang/crates.io-index"
dependencies = [
 "libc 0.1.6 (registry+https://github.com/rust-lang/crates.io-index)",
]

